# This file is autogenerated, do not edit; changes may be undone by the next 'dep ensure'.


[[projects]]
  digest = "1:15ec2166e33ef6c60b344a04d050eec79193517e7f5082b6233b2d09ef0d10b8"
  name = "github.com/kisielk/gotool"
  packages = [
    ".",
    "internal/load",
  ]
  pruneopts = "UT"
  revision = "80517062f582ea3340cd4baf70e86d539ae7d84d"
  version = "v1.0.0"

[[projects]]
  branch = "master"
  digest = "1:64e0841d16eede64fa7c457573955c25a793d98d46a0b8be6f3c1bac7b3d45b8"
  name = "golang.org/x/lint"
  packages = [
    ".",
    "golint",
  ]
  pruneopts = "UT"
  revision = "93c0bb5c83939f89e6238cefd42de38f33734409"

[[projects]]
  branch = "master"
  digest = "1:1f918655b876462010b35ecb02fd6998e276b8f32cf761f86fcea940d3339f61"
  name = "golang.org/x/tools"
  packages = [
    "go/ast/astutil",
    "go/buildutil",
    "go/gcexportdata",
    "go/internal/cgo",
    "go/internal/gcimporter",
    "go/loader",
    "go/types/typeutil",
  ]
  pruneopts = "UT"
  revision = "3c39ce7b61056afe4473b651789da5f89d4aeb20"

[[projects]]
  digest = "1:7af71138a81cc2a505e0cd39be2a2d16fd6685b8ce49efe4f7f7cd0181797bdb"
  name = "honnef.co/go/tools"
  packages = [
    "callgraph",
    "callgraph/static",
    "cmd/staticcheck",
    "deprecated",
    "functions",
    "internal/sharedcheck",
    "lint",
    "lint/lintutil",
    "ssa",
    "ssa/ssautil",
    "staticcheck",
    "staticcheck/vrp",
    "version",
  ]
  pruneopts = "UT"
  revision = "d73ab98e7c39fdcf9ba65062e43d34310f198353"
  version = "2017.2.2"

[solve-meta]
  analyzer-name = "dep"
  analyzer-version = 1
  input-imports = [
    "golang.org/x/lint/golint",
    "honnef.co/go/tools/cmd/staticcheck",
  ]
  solver-name = "gps-cdcl"
  solver-version = 1
